
Microsoft Visual Studio Solution File, Format Version 12.00
# Visual Studio Version 17
VisualStudioVersion = 17.4.33103.184
MinimumVisualStudioVersion = 10.0.40219.1
Project("{FAE04EC0-301F-11D3-BF4B-00C04F79EFBC}") = "prakk3.1", "prakk3.1\prakk3.1.csproj", "{3715123A-85E4-462F-BC35-BCC534292AAB}"
EndProject
Global
	GlobalSection(SolutionConfigurationPlatforms) = preSolution
		Debug|Any CPU = Debug|Any CPU
		Release|Any CPU = Release|Any CPU
	EndGlobalSection
	GlobalSection(ProjectConfigurationPlatforms) = postSolution
		{3715123A-85E4-462F-BC35-BCC534292AAB}.Debug|Any CPU.ActiveCfg = Debug|Any CPU
		{3715123A-85E4-462F-BC35-BCC534292AAB}.Debug|Any CPU.Build.0 = Debug|Any CPU
		{3715123A-85E4-462F-BC35-BCC534292AAB}.Release|Any CPU.ActiveCfg = Release|Any CPU
		{3715123A-85E4-462F-BC35-BCC534292AAB}.Release|Any CPU.Build.0 = Release|Any CPU
	EndGlobalSection
	GlobalSection(SolutionProperties) = preSolution
		HideSolutionNode = FALSE
	EndGlobalSection
	GlobalSection(ExtensibilityGlobals) = postSolution
		SolutionGuid = {119E4BBC-7725-45A4-BB23-004F4257AA43}
	EndGlobalSection
EndGlobal
